
Microsoft Visual Studio Solution File, Format Version 12.00
# Visual Studio Version 17
VisualStudioVersion = 17.0.32014.148
MinimumVisualStudioVersion = 10.0.40219.1
Project("{9A19103F-16F7-4668-BE54-9A1E7A4F7556}") = "consoleObjectBubbleSortProj", "buildMy3DarrayText\consoleObjectBubbleSortProj.csproj", "{D2C665C0-E826-41DB-AD1A-1CC0F9735DAB}"
EndProject
Project("{2150E333-8FDC-42A3-9474-1A3956D46DE8}") = "Solution Items", "Solution Items", "{5F76C0F5-31C9-4797-AA75-976C0E40A7EE}"
EndProject
Global
	GlobalSection(SolutionConfigurationPlatforms) = preSolution
		Debug|Any CPU = Debug|Any CPU
		Release|Any CPU = Release|Any CPU
	EndGlobalSection
	GlobalSection(ProjectConfigurationPlatforms) = postSolution
		{D2C665C0-E826-41DB-AD1A-1CC0F9735DAB}.Debug|Any CPU.ActiveCfg = Debug|Any CPU
		{D2C665C0-E826-41DB-AD1A-1CC0F9735DAB}.Debug|Any CPU.Build.0 = Debug|Any CPU
		{D2C665C0-E826-41DB-AD1A-1CC0F9735DAB}.Release|Any CPU.ActiveCfg = Release|Any CPU
		{D2C665C0-E826-41DB-AD1A-1CC0F9735DAB}.Release|Any CPU.Build.0 = Release|Any CPU
	EndGlobalSection
	GlobalSection(SolutionProperties) = preSolution
		HideSolutionNode = FALSE
	EndGlobalSection
	GlobalSection(ExtensibilityGlobals) = postSolution
		SolutionGuid = {90A80F73-77A4-4ED0-9A01-772803D08E37}
	EndGlobalSection
EndGlobal
